
Microsoft Visual Studio Solution File, Format Version 12.00
# Visual Studio Version 17
VisualStudioVersion = 17.11.35312.102
MinimumVisualStudioVersion = 10.0.40219.1
Project("{FAE04EC0-301F-11D3-BF4B-00C04F79EFBC}") = "LessonBooker", "LessonBooker\LessonBooker.csproj", "{DBD5E1DB-C484-4D15-812F-FCB187050A21}"
EndProject
Global
	GlobalSection(SolutionConfigurationPlatforms) = preSolution
		Debug|Any CPU = Debug|Any CPU
		Release|Any CPU = Release|Any CPU
	EndGlobalSection
	GlobalSection(ProjectConfigurationPlatforms) = postSolution
		{DBD5E1DB-C484-4D15-812F-FCB187050A21}.Debug|Any CPU.ActiveCfg = Debug|Any CPU
		{DBD5E1DB-C484-4D15-812F-FCB187050A21}.Debug|Any CPU.Build.0 = Debug|Any CPU
		{DBD5E1DB-C484-4D15-812F-FCB187050A21}.Release|Any CPU.ActiveCfg = Release|Any CPU
		{DBD5E1DB-C484-4D15-812F-FCB187050A21}.Release|Any CPU.Build.0 = Release|Any CPU
	EndGlobalSection
	GlobalSection(SolutionProperties) = preSolution
		HideSolutionNode = FALSE
	EndGlobalSection
	GlobalSection(ExtensibilityGlobals) = postSolution
		SolutionGuid = {3D509648-4CFB-480B-AC33-6CA9BF17F859}
	EndGlobalSection
EndGlobal
